
Microsoft Visual Studio Solution File, Format Version 12.00
# Visual Studio Version 16
VisualStudioVersion = 16.0.31515.178
MinimumVisualStudioVersion = 10.0.40219.1
Project("{8BC9CEB8-8B4A-11D0-8D11-00A0C91BC942}") = "Lab_7", "Lab_7\Lab_7.vcxproj", "{B368D681-5893-470C-8FE1-5F836EBF716A}"
EndProject
Global
	GlobalSection(SolutionConfigurationPlatforms) = preSolution
		Debug|x64 = Debug|x64
		Debug|x86 = Debug|x86
		Release|x64 = Release|x64
		Release|x86 = Release|x86
	EndGlobalSection
	GlobalSection(ProjectConfigurationPlatforms) = postSolution
		{B368D681-5893-470C-8FE1-5F836EBF716A}.Debug|x64.ActiveCfg = Debug|x64
		{B368D681-5893-470C-8FE1-5F836EBF716A}.Debug|x64.Build.0 = Debug|x64
		{B368D681-5893-470C-8FE1-5F836EBF716A}.Debug|x86.ActiveCfg = Debug|Win32
		{B368D681-5893-470C-8FE1-5F836EBF716A}.Debug|x86.Build.0 = Debug|Win32
		{B368D681-5893-470C-8FE1-5F836EBF716A}.Release|x64.ActiveCfg = Release|x64
		{B368D681-5893-470C-8FE1-5F836EBF716A}.Release|x64.Build.0 = Release|x64
		{B368D681-5893-470C-8FE1-5F836EBF716A}.Release|x86.ActiveCfg = Release|Win32
		{B368D681-5893-470C-8FE1-5F836EBF716A}.Release|x86.Build.0 = Release|Win32
	EndGlobalSection
	GlobalSection(SolutionProperties) = preSolution
		HideSolutionNode = FALSE
	EndGlobalSection
	GlobalSection(ExtensibilityGlobals) = postSolution
		SolutionGuid = {A6DAEB9D-7A5F-4C00-97F7-B03FA7464B40}
	EndGlobalSection
EndGlobal
